
Microsoft Visual Studio Solution File, Format Version 12.00
# Visual Studio Version 17
VisualStudioVersion = 17.13.35818.85
MinimumVisualStudioVersion = 10.0.40219.1
Project("{FAE04EC0-301F-11D3-BF4B-00C04F79EFBC}") = "JwtWebApi", "JwtWebApi\JwtWebApi.csproj", "{B067F746-26D9-44D6-A4EF-667139F2DF5B}"
EndProject
Global
	GlobalSection(SolutionConfigurationPlatforms) = preSolution
		Debug|Any CPU = Debug|Any CPU
		Release|Any CPU = Release|Any CPU
	EndGlobalSection
	GlobalSection(ProjectConfigurationPlatforms) = postSolution
		{B067F746-26D9-44D6-A4EF-667139F2DF5B}.Debug|Any CPU.ActiveCfg = Debug|Any CPU
		{B067F746-26D9-44D6-A4EF-667139F2DF5B}.Debug|Any CPU.Build.0 = Debug|Any CPU
		{B067F746-26D9-44D6-A4EF-667139F2DF5B}.Release|Any CPU.ActiveCfg = Release|Any CPU
		{B067F746-26D9-44D6-A4EF-667139F2DF5B}.Release|Any CPU.Build.0 = Release|Any CPU
	EndGlobalSection
	GlobalSection(SolutionProperties) = preSolution
		HideSolutionNode = FALSE
	EndGlobalSection
	GlobalSection(ExtensibilityGlobals) = postSolution
		SolutionGuid = {1DEBCF18-9915-4BC8-B267-85A9E3FE4E0C}
	EndGlobalSection
EndGlobal
